
Microsoft Visual Studio Solution File, Format Version 12.00
# Visual Studio Version 16
VisualStudioVersion = 16.0.31911.196
MinimumVisualStudioVersion = 10.0.40219.1
Project("{9A19103F-16F7-4668-BE54-9A1E7A4F7556}") = "TesteMed", "TesteMed\TesteMed.csproj", "{72722DBB-27A2-4069-93D7-524F468FF84E}"
EndProject
Project("{9A19103F-16F7-4668-BE54-9A1E7A4F7556}") = "TesteApi", "TesteApi\TesteApi.csproj", "{77EA76E8-AB70-4ABF-B147-02DB13FEE933}"
EndProject
Project("{9A19103F-16F7-4668-BE54-9A1E7A4F7556}") = "TesteTest", "TesteTest\TesteTest.csproj", "{1ED4559C-8669-47F8-A8FC-C8C543A8C7AE}"
EndProject
Global
	GlobalSection(SolutionConfigurationPlatforms) = preSolution
		Debug|Any CPU = Debug|Any CPU
		Release|Any CPU = Release|Any CPU
	EndGlobalSection
	GlobalSection(ProjectConfigurationPlatforms) = postSolution
		{72722DBB-27A2-4069-93D7-524F468FF84E}.Debug|Any CPU.ActiveCfg = Debug|Any CPU
		{72722DBB-27A2-4069-93D7-524F468FF84E}.Debug|Any CPU.Build.0 = Debug|Any CPU
		{72722DBB-27A2-4069-93D7-524F468FF84E}.Release|Any CPU.ActiveCfg = Release|Any CPU
		{72722DBB-27A2-4069-93D7-524F468FF84E}.Release|Any CPU.Build.0 = Release|Any CPU
		{77EA76E8-AB70-4ABF-B147-02DB13FEE933}.Debug|Any CPU.ActiveCfg = Debug|Any CPU
		{77EA76E8-AB70-4ABF-B147-02DB13FEE933}.Debug|Any CPU.Build.0 = Debug|Any CPU
		{77EA76E8-AB70-4ABF-B147-02DB13FEE933}.Release|Any CPU.ActiveCfg = Release|Any CPU
		{77EA76E8-AB70-4ABF-B147-02DB13FEE933}.Release|Any CPU.Build.0 = Release|Any CPU
		{1ED4559C-8669-47F8-A8FC-C8C543A8C7AE}.Debug|Any CPU.ActiveCfg = Debug|Any CPU
		{1ED4559C-8669-47F8-A8FC-C8C543A8C7AE}.Debug|Any CPU.Build.0 = Debug|Any CPU
		{1ED4559C-8669-47F8-A8FC-C8C543A8C7AE}.Release|Any CPU.ActiveCfg = Release|Any CPU
		{1ED4559C-8669-47F8-A8FC-C8C543A8C7AE}.Release|Any CPU.Build.0 = Release|Any CPU
	EndGlobalSection
	GlobalSection(SolutionProperties) = preSolution
		HideSolutionNode = FALSE
	EndGlobalSection
	GlobalSection(ExtensibilityGlobals) = postSolution
		SolutionGuid = {662E8334-1ED7-4066-BAD3-DE9EE0CEC818}
	EndGlobalSection
EndGlobal
